Microsoft Visual Studio Solution File, Format Version 12.00
# Visual Studio 15
VisualStudioVersion = 15.0.26206.0
MinimumVisualStudioVersion = 10.0.40219.1
Project("{2150E333-8FDC-42A3-9474-1A3956D46DE8}") = "src", "src", "{884CB110-085C-4D99-8639-A06F64344921}"
EndProject
Project("{2150E333-8FDC-42A3-9474-1A3956D46DE8}") = "Solution Items", "Solution Items", "{ED57335A-ABE5-4407-B02D-AE592C3131D1}"
EndProject
Project("{2150E333-8FDC-42A3-9474-1A3956D46DE8}") = "Core", "Core", "{8FE900AC-F617-4ED8-9E52-7E0F0F85BE36}"
EndProject
Project("{2150E333-8FDC-42A3-9474-1A3956D46DE8}") = "Modules", "Modules", "{590AFCBE-6A56-48FD-AB05-EA99FD93B5A8}"
EndProject
Project("{9A19103F-16F7-4668-BE54-9A1E7A4F7556}") = "SharpCommerce.Core", "src\Core\SharpCommerce.Core\SharpCommerce.Core.csproj", "{843966E3-1AAE-4545-AF0A-B68EC616E347}"
EndProject
Project("{9A19103F-16F7-4668-BE54-9A1E7A4F7556}") = "SharpCommerce.Core.Contracts", "src\Core\SharpCommerce.Core.Contracts\SharpCommerce.Core.Contracts.csproj", "{1054D8F2-D9D3-433B-AE86-01CD87149337}"
EndProject
Project("{9A19103F-16F7-4668-BE54-9A1E7A4F7556}") = "SharpCommerce.Modules.Admin", "src\SharpCommerce\Modules\SharpCommerce.Modules.Admin\SharpCommerce.Modules.Admin.csproj", "{13AD5DB8-4C3F-41D9-93A0-B31A5D679FAB}"
EndProject
Project("{9A19103F-16F7-4668-BE54-9A1E7A4F7556}") = "SharpCommerce.Modules.Account", "src\SharpCommerce\Modules\SharpCommerce.Modules.Account\SharpCommerce.Modules.Account.csproj", "{37CCEAF5-B869-49BC-B7A9-071F89F4D424}"
EndProject
Project("{9A19103F-16F7-4668-BE54-9A1E7A4F7556}") = "SharpCommerce", "src\SharpCommerce\SharpCommerce.csproj", "{468E6F32-96B5-4241-9FCD-75755EC26A39}"
EndProject
Global
	GlobalSection(SolutionConfigurationPlatforms) = preSolution
		Debug|Any CPU = Debug|Any CPU
		Debug|x64 = Debug|x64
		Debug|x86 = Debug|x86
		Release|Any CPU = Release|Any CPU
		Release|x64 = Release|x64
		Release|x86 = Release|x86
	EndGlobalSection
	GlobalSection(ProjectConfigurationPlatforms) = postSolution
		{843966E3-1AAE-4545-AF0A-B68EC616E347}.Debug|Any CPU.ActiveCfg = Debug|Any CPU
		{843966E3-1AAE-4545-AF0A-B68EC616E347}.Debug|Any CPU.Build.0 = Debug|Any CPU
		{843966E3-1AAE-4545-AF0A-B68EC616E347}.Debug|x64.ActiveCfg = Debug|x64
		{843966E3-1AAE-4545-AF0A-B68EC616E347}.Debug|x64.Build.0 = Debug|x64
		{843966E3-1AAE-4545-AF0A-B68EC616E347}.Debug|x86.ActiveCfg = Debug|x86
		{843966E3-1AAE-4545-AF0A-B68EC616E347}.Debug|x86.Build.0 = Debug|x86
		{843966E3-1AAE-4545-AF0A-B68EC616E347}.Release|Any CPU.ActiveCfg = Release|Any CPU
		{843966E3-1AAE-4545-AF0A-B68EC616E347}.Release|Any CPU.Build.0 = Release|Any CPU
		{843966E3-1AAE-4545-AF0A-B68EC616E347}.Release|x64.ActiveCfg = Release|x64
		{843966E3-1AAE-4545-AF0A-B68EC616E347}.Release|x64.Build.0 = Release|x64
		{843966E3-1AAE-4545-AF0A-B68EC616E347}.Release|x86.ActiveCfg = Release|x86
		{843966E3-1AAE-4545-AF0A-B68EC616E347}.Release|x86.Build.0 = Release|x86
		{1054D8F2-D9D3-433B-AE86-01CD87149337}.Debug|Any CPU.ActiveCfg = Debug|Any CPU
		{1054D8F2-D9D3-433B-AE86-01CD87149337}.Debug|Any CPU.Build.0 = Debug|Any CPU
		{1054D8F2-D9D3-433B-AE86-01CD87149337}.Debug|x64.ActiveCfg = Debug|x64
		{1054D8F2-D9D3-433B-AE86-01CD87149337}.Debug|x64.Build.0 = Debug|x64
		{1054D8F2-D9D3-433B-AE86-01CD87149337}.Debug|x86.ActiveCfg = Debug|x86
		{1054D8F2-D9D3-433B-AE86-01CD87149337}.Debug|x86.Build.0 = Debug|x86
		{1054D8F2-D9D3-433B-AE86-01CD87149337}.Release|Any CPU.ActiveCfg = Release|Any CPU
		{1054D8F2-D9D3-433B-AE86-01CD87149337}.Release|Any CPU.Build.0 = Release|Any CPU
		{1054D8F2-D9D3-433B-AE86-01CD87149337}.Release|x64.ActiveCfg = Release|x64
		{1054D8F2-D9D3-433B-AE86-01CD87149337}.Release|x64.Build.0 = Release|x64
		{1054D8F2-D9D3-433B-AE86-01CD87149337}.Release|x86.ActiveCfg = Release|x86
		{1054D8F2-D9D3-433B-AE86-01CD87149337}.Release|x86.Build.0 = Release|x86
		{13AD5DB8-4C3F-41D9-93A0-B31A5D679FAB}.Debug|Any CPU.ActiveCfg = Debug|Any CPU
		{13AD5DB8-4C3F-41D9-93A0-B31A5D679FAB}.Debug|Any CPU.Build.0 = Debug|Any CPU
		{13AD5DB8-4C3F-41D9-93A0-B31A5D679FAB}.Debug|x64.ActiveCfg = Debug|x64
		{13AD5DB8-4C3F-41D9-93A0-B31A5D679FAB}.Debug|x64.Build.0 = Debug|x64
		{13AD5DB8-4C3F-41D9-93A0-B31A5D679FAB}.Debug|x86.ActiveCfg = Debug|x86
		{13AD5DB8-4C3F-41D9-93A0-B31A5D679FAB}.Debug|x86.Build.0 = Debug|x86
		{13AD5DB8-4C3F-41D9-93A0-B31A5D679FAB}.Release|Any CPU.ActiveCfg = Release|Any CPU
		{13AD5DB8-4C3F-41D9-93A0-B31A5D679FAB}.Release|Any CPU.Build.0 = Release|Any CPU
		{13AD5DB8-4C3F-41D9-93A0-B31A5D679FAB}.Release|x64.ActiveCfg = Release|x64
		{13AD5DB8-4C3F-41D9-93A0-B31A5D679FAB}.Release|x64.Build.0 = Release|x64
		{13AD5DB8-4C3F-41D9-93A0-B31A5D679FAB}.Release|x86.ActiveCfg = Release|x86
		{13AD5DB8-4C3F-41D9-93A0-B31A5D679FAB}.Release|x86.Build.0 = Release|x86
		{37CCEAF5-B869-49BC-B7A9-071F89F4D424}.Debug|Any CPU.ActiveCfg = Debug|Any CPU
		{37CCEAF5-B869-49BC-B7A9-071F89F4D424}.Debug|Any CPU.Build.0 = Debug|Any CPU
		{37CCEAF5-B869-49BC-B7A9-071F89F4D424}.Debug|x64.ActiveCfg = Debug|x64
		{37CCEAF5-B869-49BC-B7A9-071F89F4D424}.Debug|x64.Build.0 = Debug|x64
		{37CCEAF5-B869-49BC-B7A9-071F89F4D424}.Debug|x86.ActiveCfg = Debug|x86
		{37CCEAF5-B869-49BC-B7A9-071F89F4D424}.Debug|x86.Build.0 = Debug|x86
		{37CCEAF5-B869-49BC-B7A9-071F89F4D424}.Release|Any CPU.ActiveCfg = Release|Any CPU
		{37CCEAF5-B869-49BC-B7A9-071F89F4D424}.Release|Any CPU.Build.0 = Release|Any CPU
		{37CCEAF5-B869-49BC-B7A9-071F89F4D424}.Release|x64.ActiveCfg = Release|x64
		{37CCEAF5-B869-49BC-B7A9-071F89F4D424}.Release|x64.Build.0 = Release|x64
		{37CCEAF5-B869-49BC-B7A9-071F89F4D424}.Release|x86.ActiveCfg = Release|x86
		{37CCEAF5-B869-49BC-B7A9-071F89F4D424}.Release|x86.Build.0 = Release|x86
		{468E6F32-96B5-4241-9FCD-75755EC26A39}.Debug|Any CPU.ActiveCfg = Debug|Any CPU
		{468E6F32-96B5-4241-9FCD-75755EC26A39}.Debug|Any CPU.Build.0 = Debug|Any CPU
		{468E6F32-96B5-4241-9FCD-75755EC26A39}.Debug|x64.ActiveCfg = Debug|x64
		{468E6F32-96B5-4241-9FCD-75755EC26A39}.Debug|x64.Build.0 = Debug|x64
		{468E6F32-96B5-4241-9FCD-75755EC26A39}.Debug|x86.ActiveCfg = Debug|x86
		{468E6F32-96B5-4241-9FCD-75755EC26A39}.Debug|x86.Build.0 = Debug|x86
		{468E6F32-96B5-4241-9FCD-75755EC26A39}.Release|Any CPU.ActiveCfg = Release|Any CPU
		{468E6F32-96B5-4241-9FCD-75755EC26A39}.Release|Any CPU.Build.0 = Release|Any CPU
		{468E6F32-96B5-4241-9FCD-75755EC26A39}.Release|x64.ActiveCfg = Release|x64
		{468E6F32-96B5-4241-9FCD-75755EC26A39}.Release|x64.Build.0 = Release|x64
		{468E6F32-96B5-4241-9FCD-75755EC26A39}.Release|x86.ActiveCfg = Release|x86
		{468E6F32-96B5-4241-9FCD-75755EC26A39}.Release|x86.Build.0 = Release|x86
	EndGlobalSection
	GlobalSection(SolutionProperties) = preSolution
		HideSolutionNode = FALSE
	EndGlobalSection
	GlobalSection(NestedProjects) = preSolution
		{8FE900AC-F617-4ED8-9E52-7E0F0F85BE36} = {884CB110-085C-4D99-8639-A06F64344921}
		{590AFCBE-6A56-48FD-AB05-EA99FD93B5A8} = {884CB110-085C-4D99-8639-A06F64344921}
		{843966E3-1AAE-4545-AF0A-B68EC616E347} = {8FE900AC-F617-4ED8-9E52-7E0F0F85BE36}
		{1054D8F2-D9D3-433B-AE86-01CD87149337} = {8FE900AC-F617-4ED8-9E52-7E0F0F85BE36}
		{13AD5DB8-4C3F-41D9-93A0-B31A5D679FAB} = {590AFCBE-6A56-48FD-AB05-EA99FD93B5A8}
		{37CCEAF5-B869-49BC-B7A9-071F89F4D424} = {590AFCBE-6A56-48FD-AB05-EA99FD93B5A8}
		{468E6F32-96B5-4241-9FCD-75755EC26A39} = {884CB110-085C-4D99-8639-A06F64344921}
	EndGlobalSection
EndGlobal
